{
  "name": "antlr4",
  "version": "1.0.0",
  "lockfileVersion": 3,
  "requires": true,
  "packages": {
    "": {
      "name": "antlr4",
      "version": "1.0.0",
      "license": "ISC",
      "dependencies": {
        "@types/antlr4": "^4.11.5",
        "antlr4": "^4.13.1",
        "antlr4ts": "^0.5.0-alpha.4"
      },
      "devDependencies": {
        "@types/node": "^20.8.10",
        "typescript": "^5.2.2"
      }
    },
    "node_modules/@types/antlr4": {
      "version": "4.11.5",
      "resolved": "https://registry.npmjs.org/@types/antlr4/-/antlr4-4.11.5.tgz",
      "integrity": "sha512-fMe+kM+6ccLkUbCYQ7tNHlWNX4dVmTdRykib5S8sdWGHBxFFKN9/srtpXpILBY08RJYld5bOe3+tB2Qz6WmHZw=="
    },
    "node_modules/@types/node": {
      "version": "20.8.10",
      "resolved": "https://registry.npmjs.org/@types/node/-/node-20.8.10.tgz",
      "integrity": "sha512-TlgT8JntpcbmKUFzjhsyhGfP2fsiz1Mv56im6enJ905xG1DAYesxJaeSbGqQmAw8OWPdhyJGhGSQGKRNJ45u9w==",
      "dev": true,
      "dependencies": {
        "undici-types": "~5.26.4"
      }
    },
    "node_modules/antlr4": {
      "version": "4.13.1",
      "resolved": "https://registry.npmjs.org/antlr4/-/antlr4-4.13.1.tgz",
      "integrity": "sha512-kiXTspaRYvnIArgE97z5YVVf/cDVQABr3abFRR6mE7yesLMkgu4ujuyV/sgxafQ8wgve0DJQUJ38Z8tkgA2izA==",
      "engines": {
        "node": ">=16"
      }
    },
    "node_modules/antlr4ts": {
      "version": "0.5.0-alpha.4",
      "resolved": "https://registry.npmjs.org/antlr4ts/-/antlr4ts-0.5.0-alpha.4.tgz",
      "integrity": "sha512-WPQDt1B74OfPv/IMS2ekXAKkTZIHl88uMetg6q3OTqgFxZ/dxDXI0EWLyZid/1Pe6hTftyg5N7gel5wNAGxXyQ=="
    },
    "node_modules/typescript": {
      "version": "5.2.2",
      "resolved": "https://registry.npmjs.org/typescript/-/typescript-5.2.2.tgz",
      "integrity": "sha512-mI4WrpHsbCIcwT9cF4FZvr80QUeKvsUsUvKDoR+X/7XHQH98xYD8YHZg7ANtz2GtZt/CBq2QJ0thkGJMHfqc1w==",
      "dev": true,
      "bin": {
        "tsc": "bin/tsc",
        "tsserver": "bin/tsserver"
      },
      "engines": {
        "node": ">=14.17"
      }
    },
    "node_modules/undici-types": {
      "version": "5.26.5",
      "resolved": "https://registry.npmjs.org/undici-types/-/undici-types-5.26.5.tgz",
      "integrity": "sha512-JlCMO+ehdEIKqlFxk6IfVoAUVmgz7cU7zD/h9XZ0qzeosSHmUJVOzSQvvYSYWXkFXC+IfLKSIffhv0sVZup6pA==",
      "dev": true
    }
  }
}
